// !$*UTF8*$!
{
	archiveVersion = 1;
	classes = {
	};
	objectVersion = 56;
	objects = {

/* Begin PBXBuildFile section */
		1A0489DA2B1FEF1100426D46 /* MenuBarExtraAccess in Frameworks */ = {isa = PBXBuildFile; productRef = 1A0489D92B1FEF1100426D46 /* MenuBarExtraAccess */; };
		1A0489DC2B2022B000426D46 /* ContextMenu.swift in Sources */ = {isa = PBXBuildFile; fileRef = 1A0489DB2B2022B000426D46 /* ContextMenu.swift */; };
		1A30CCB42EBFE19F00F51310 /* AboutView.swift in Sources */ = {isa = PBXBuildFile; fileRef = 1A30CCB32EBFE19A00F51310 /* AboutView.swift */; };
		1A31E58A2B1ED18A0082AD12 /* ember_mateApp.swift in Sources */ = {isa = PBXBuildFile; fileRef = 1A31E5892B1ED18A0082AD12 /* ember_mateApp.swift */; };
		1A31E58E2B1ED18B0082AD12 /* Assets.xcassets in Resources */ = {isa = PBXBuildFile; fileRef = 1A31E58D2B1ED18B0082AD12 /* Assets.xcassets */; };
		1A31E5912B1ED18B0082AD12 /* Preview Assets.xcassets in Resources */ = {isa = PBXBuildFile; fileRef = 1A31E5902B1ED18B0082AD12 /* Preview Assets.xcassets */; };
		1A31E5992B1ED1B00082AD12 /* AppView.swift in Sources */ = {isa = PBXBuildFile; fileRef = 1A31E5982B1ED1B00082AD12 /* AppView.swift */; };
		1A31E59B2B1ED1D40082AD12 /* BluetoothManager.swift in Sources */ = {isa = PBXBuildFile; fileRef = 1A31E59A2B1ED1D40082AD12 /* BluetoothManager.swift */; };
		1A31E59D2B1ED1E60082AD12 /* EmberMug.swift in Sources */ = {isa = PBXBuildFile; fileRef = 1A31E59C2B1ED1E60082AD12 /* EmberMug.swift */; };
		1A42A7402B267CC400233E50 /* SettingsView.swift in Sources */ = {isa = PBXBuildFile; fileRef = 1A42A73F2B267CC400233E50 /* SettingsView.swift */; };
		1A42A7432B2697CF00233E50 /* TemperaturePresetButton.swift in Sources */ = {isa = PBXBuildFile; fileRef = 1A42A7422B2697CF00233E50 /* TemperaturePresetButton.swift */; };
		1A42A7452B269A3900233E50 /* TimerView.swift in Sources */ = {isa = PBXBuildFile; fileRef = 1A42A7442B269A3900233E50 /* TimerView.swift */; };
		1A42A7472B269DC400233E50 /* AppState.swift in Sources */ = {isa = PBXBuildFile; fileRef = 1A42A7462B269DC400233E50 /* AppState.swift */; };
		1A5DCBF22D488278002A1504 /* PresetEntry.swift in Sources */ = {isa = PBXBuildFile; fileRef = 1A5DCBF12D488278002A1504 /* PresetEntry.swift */; };
		1A86E97C2B32A85A00ED0696 /* IconButton.swift in Sources */ = {isa = PBXBuildFile; fileRef = 1A86E97B2B32A85A00ED0696 /* IconButton.swift */; };
		1AA35E2C2B22CC0E00B144C0 /* Utils.swift in Sources */ = {isa = PBXBuildFile; fileRef = 1AA35E2B2B22CC0E00B144C0 /* Utils.swift */; };
		1AB9B4322EC7DEFE003183B3 /* BatteryIndicator.swift in Sources */ = {isa = PBXBuildFile; fileRef = 1AB9B4312EC7DEF8003183B3 /* BatteryIndicator.swift */; };
		1AD754482B1ED69E00E54851 /* ConnectMugView.swift in Sources */ = {isa = PBXBuildFile; fileRef = 1AD754472B1ED69E00E54851 /* ConnectMugView.swift */; };
		1AD8485A2D46C4C000AD844D /* TemperatureInput.swift in Sources */ = {isa = PBXBuildFile; fileRef = 1AD848592D46C4B600AD844D /* TemperatureInput.swift */; };
		1AE494212B1FE69D0097A4F1 /* MugControlView.swift in Sources */ = {isa = PBXBuildFile; fileRef = 1AE494202B1FE69D0097A4F1 /* MugControlView.swift */; };
		1AF9BE722B2E2D35002C930D /* NotificationAdapter.swift in Sources */ = {isa = PBXBuildFile; fileRef = 1AF9BE712B2E2D35002C930D /* NotificationAdapter.swift */; };
		1AF9BE762B2E3BCE002C930D /* LaunchAtLogin in Frameworks */ = {isa = PBXBuildFile; productRef = 1AF9BE752B2E3BCE002C930D /* LaunchAtLogin */; };
		9ACBA62B2E215F9D00D699B7 /* BatteryView.swift in Sources */ = {isa = PBXBuildFile; fileRef = 9ACBA62A2E215F9B00D699B7 /* BatteryView.swift */; };
/* End PBXBuildFile section */

/* Begin PBXFileReference section */
		1A0489DB2B2022B000426D46 /* ContextMenu.swift */ = {isa = PBXFileReference; lastKnownFileType = sourcecode.swift; path = ContextMenu.swift; sourceTree = "<group>"; };
		1A30CCB32EBFE19A00F51310 /* AboutView.swift */ = {isa = PBXFileReference; lastKnownFileType = sourcecode.swift; path = AboutView.swift; sourceTree = "<group>"; };
		1A31E5862B1ED18A0082AD12 /* EmberMate.app */ = {isa = PBXFileReference; explicitFileType = wrapper.application; includeInIndex = 0; path = EmberMate.app; sourceTree = BUILT_PRODUCTS_DIR; };
		1A31E5892B1ED18A0082AD12 /* ember_mateApp.swift */ = {isa = PBXFileReference; lastKnownFileType = sourcecode.swift; path = ember_mateApp.swift; sourceTree = "<group>"; };
		1A31E58D2B1ED18B0082AD12 /* Assets.xcassets */ = {isa = PBXFileReference; lastKnownFileType = folder.assetcatalog; path = Assets.xcassets; sourceTree = "<group>"; };
		1A31E5902B1ED18B0082AD12 /* Preview Assets.xcassets */ = {isa = PBXFileReference; lastKnownFileType = folder.assetcatalog; path = "Preview Assets.xcassets"; sourceTree = "<group>"; };
		1A31E5922B1ED18B0082AD12 /* EmberMate.entitlements */ = {isa = PBXFileReference; lastKnownFileType = text.plist.entitlements; path = EmberMate.entitlements; sourceTree = "<group>"; };
		1A31E5982B1ED1B00082AD12 /* AppView.swift */ = {isa = PBXFileReference; lastKnownFileType = sourcecode.swift; path = AppView.swift; sourceTree = "<group>"; };
		1A31E59A2B1ED1D40082AD12 /* BluetoothManager.swift */ = {isa = PBXFileReference; lastKnownFileType = sourcecode.swift; path = BluetoothManager.swift; sourceTree = "<group>"; };
		1A31E59C2B1ED1E60082AD12 /* EmberMug.swift */ = {isa = PBXFileReference; lastKnownFileType = sourcecode.swift; path = EmberMug.swift; sourceTree = "<group>"; };
		1A42A73F2B267CC400233E50 /* SettingsView.swift */ = {isa = PBXFileReference; lastKnownFileType = sourcecode.swift; path = SettingsView.swift; sourceTree = "<group>"; };
		1A42A7422B2697CF00233E50 /* TemperaturePresetButton.swift */ = {isa = PBXFileReference; lastKnownFileType = sourcecode.swift; path = TemperaturePresetButton.swift; sourceTree = "<group>"; };
		1A42A7442B269A3900233E50 /* TimerView.swift */ = {isa = PBXFileReference; lastKnownFileType = sourcecode.swift; path = TimerView.swift; sourceTree = "<group>"; };
		1A42A7462B269DC400233E50 /* AppState.swift */ = {isa = PBXFileReference; lastKnownFileType = sourcecode.swift; path = AppState.swift; sourceTree = "<group>"; };
		1A5DCBF12D488278002A1504 /* PresetEntry.swift */ = {isa = PBXFileReference; lastKnownFileType = sourcecode.swift; path = PresetEntry.swift; sourceTree = "<group>"; };
		1A86E97B2B32A85A00ED0696 /* IconButton.swift */ = {isa = PBXFileReference; lastKnownFileType = sourcecode.swift; path = IconButton.swift; sourceTree = "<group>"; };
		1AA35E2B2B22CC0E00B144C0 /* Utils.swift */ = {isa = PBXFileReference; lastKnownFileType = sourcecode.swift; path = Utils.swift; sourceTree = "<group>"; };
		1AB9B4312EC7DEF8003183B3 /* BatteryIndicator.swift */ = {isa = PBXFileReference; lastKnownFileType = sourcecode.swift; path = BatteryIndicator.swift; sourceTree = "<group>"; };
		1AD754472B1ED69E00E54851 /* ConnectMugView.swift */ = {isa = PBXFileReference; lastKnownFileType = sourcecode.swift; path = ConnectMugView.swift; sourceTree = "<group>"; };
		1AD848592D46C4B600AD844D /* TemperatureInput.swift */ = {isa = PBXFileReference; lastKnownFileType = sourcecode.swift; path = TemperatureInput.swift; sourceTree = "<group>"; };
		1AE494202B1FE69D0097A4F1 /* MugControlView.swift */ = {isa = PBXFileReference; lastKnownFileType = sourcecode.swift; path = MugControlView.swift; sourceTree = "<group>"; };
		1AE785402B2A975C00FD31ED /* Info.plist */ = {isa = PBXFileReference; lastKnownFileType = text.plist; path = Info.plist; sourceTree = "<group>"; };
		1AF9BE712B2E2D35002C930D /* NotificationAdapter.swift */ = {isa = PBXFileReference; lastKnownFileType = sourcecode.swift; path = NotificationAdapter.swift; sourceTree = "<group>"; };
		9ACBA62A2E215F9B00D699B7 /* BatteryView.swift */ = {isa = PBXFileReference; lastKnownFileType = sourcecode.swift; path = BatteryView.swift; sourceTree = "<group>"; };
/* End PBXFileReference section */

/* Begin PBXFrameworksBuildPhase section */
		1A31E5832B1ED18A0082AD12 /* Frameworks */ = {
			isa = PBXFrameworksBuildPhase;
			buildActionMask = 2147483647;
			files = (
				1AF9BE762B2E3BCE002C930D /* LaunchAtLogin in Frameworks */,
				1A0489DA2B1FEF1100426D46 /* MenuBarExtraAccess in Frameworks */,
			);
			runOnlyForDeploymentPostprocessing = 0;
		};
/* End PBXFrameworksBuildPhase section */

/* Begin PBXGroup section */
		1A31E57D2B1ED18A0082AD12 = {
			isa = PBXGroup;
			children = (
				1A31E5882B1ED18A0082AD12 /* EmberMate */,
				1A31E5872B1ED18A0082AD12 /* Products */,
			);
			sourceTree = "<group>";
		};
		1A31E5872B1ED18A0082AD12 /* Products */ = {
			isa = PBXGroup;
			children = (
				1A31E5862B1ED18A0082AD12 /* EmberMate.app */,
			);
			name = Products;
			sourceTree = "<group>";
		};
		1A31E5882B1ED18A0082AD12 /* EmberMate */ = {
			isa = PBXGroup;
			children = (
				1AE785402B2A975C00FD31ED /* Info.plist */,
				1A31E5892B1ED18A0082AD12 /* ember_mateApp.swift */,
				1AF9BE732B2E2E59002C930D /* Views */,
				1A42A7412B2696CC00233E50 /* Components */,
				1A31E59C2B1ED1E60082AD12 /* EmberMug.swift */,
				1AA35E2B2B22CC0E00B144C0 /* Utils.swift */,
				1A42A7462B269DC400233E50 /* AppState.swift */,
				1A31E59A2B1ED1D40082AD12 /* BluetoothManager.swift */,
				1AF9BE712B2E2D35002C930D /* NotificationAdapter.swift */,
				1A31E58D2B1ED18B0082AD12 /* Assets.xcassets */,
				1A31E5922B1ED18B0082AD12 /* EmberMate.entitlements */,
				1A31E58F2B1ED18B0082AD12 /* Preview Content */,
			);
			path = EmberMate;
			sourceTree = "<group>";
		};
		1A31E58F2B1ED18B0082AD12 /* Preview Content */ = {
			isa = PBXGroup;
			children = (
				1A31E5902B1ED18B0082AD12 /* Preview Assets.xcassets */,
			);
			path = "Preview Content";
			sourceTree = "<group>";
		};
		1A42A7412B2696CC00233E50 /* Components */ = {
			isa = PBXGroup;
			children = (
				1AB9B4312EC7DEF8003183B3 /* BatteryIndicator.swift */,
				1A42A7422B2697CF00233E50 /* TemperaturePresetButton.swift */,
				1A0489DB2B2022B000426D46 /* ContextMenu.swift */,
				1A42A7442B269A3900233E50 /* TimerView.swift */,
				1A86E97B2B32A85A00ED0696 /* IconButton.swift */,
			);
			path = Components;
			sourceTree = "<group>";
		};
		1A5DCBF02D488245002A1504 /* Settings */ = {
			isa = PBXGroup;
			children = (
				1A42A73F2B267CC400233E50 /* SettingsView.swift */,
				1A5DCBF12D488278002A1504 /* PresetEntry.swift */,
				1AD848592D46C4B600AD844D /* TemperatureInput.swift */,
			);
			path = Settings;
			sourceTree = "<group>";
		};
		1AF9BE732B2E2E59002C930D /* Views */ = {
			isa = PBXGroup;
			children = (
				1A5DCBF02D488245002A1504 /* Settings */,
				1AE494202B1FE69D0097A4F1 /* MugControlView.swift */,
				1AD754472B1ED69E00E54851 /* ConnectMugView.swift */,
				1A31E5982B1ED1B00082AD12 /* AppView.swift */,
				9ACBA62A2E215F9B00D699B7 /* BatteryView.swift */,
				1A30CCB32EBFE19A00F51310 /* AboutView.swift */,
			);
			path = Views;
			sourceTree = "<group>";
		};
/* End PBXGroup section */

/* Begin PBXNativeTarget section */
		1A31E5852B1ED18A0082AD12 /* EmberMate */ = {
			isa = PBXNativeTarget;
			buildConfigurationList = 1A31E5952B1ED18B0082AD12 /* Build configuration list for PBXNativeTarget "EmberMate" */;
			buildPhases = (
				1A31E5822B1ED18A0082AD12 /* Sources */,
				1A31E5832B1ED18A0082AD12 /* Frameworks */,
				1A31E5842B1ED18A0082AD12 /* Resources */,
			);
			buildRules = (
			);
			dependencies = (
			);
			name = EmberMate;
			packageProductDependencies = (
				1A0489D92B1FEF1100426D46 /* MenuBarExtraAccess */,
				1AF9BE752B2E3BCE002C930D /* LaunchAtLogin */,
			);
			productName = EmberMate;
			productReference = 1A31E5862B1ED18A0082AD12 /* EmberMate.app */;
			productType = "com.apple.product-type.application";
		};
/* End PBXNativeTarget section */

/* Begin PBXProject section */
		1A31E57E2B1ED18A0082AD12 /* Project object */ = {
			isa = PBXProject;
			attributes = {
				BuildIndependentTargetsInParallel = 1;
				LastSwiftUpdateCheck = 1420;
				LastUpgradeCheck = 1420;
				TargetAttributes = {
					1A31E5852B1ED18A0082AD12 = {
						CreatedOnToolsVersion = 14.2;
					};
				};
			};
			buildConfigurationList = 1A31E5812B1ED18A0082AD12 /* Build configuration list for PBXProject "EmberMate" */;
			compatibilityVersion = "Xcode 14.0";
			developmentRegion = en;
			hasScannedForEncodings = 0;
			knownRegions = (
				en,
				Base,
			);
			mainGroup = 1A31E57D2B1ED18A0082AD12;
			packageReferences = (
				1A0489D82B1FEF1100426D46 /* XCRemoteSwiftPackageReference "MenuBarExtraAccess" */,
				1AF9BE742B2E3BCE002C930D /* XCRemoteSwiftPackageReference "LaunchAtLogin-Modern" */,
			);
			productRefGroup = 1A31E5872B1ED18A0082AD12 /* Products */;
			projectDirPath = "";
			projectRoot = "";
			targets = (
				1A31E5852B1ED18A0082AD12 /* EmberMate */,
			);
		};
/* End PBXProject section */

/* Begin PBXResourcesBuildPhase section */
		1A31E5842B1ED18A0082AD12 /* Resources */ = {
			isa = PBXResourcesBuildPhase;
			buildActionMask = 2147483647;
			files = (
				1A31E5912B1ED18B0082AD12 /* Preview Assets.xcassets in Resources */,
				1A31E58E2B1ED18B0082AD12 /* Assets.xcassets in Resources */,
			);
			runOnlyForDeploymentPostprocessing = 0;
		};
/* End PBXResourcesBuildPhase section */

/* Begin PBXSourcesBuildPhase section */
		1A31E5822B1ED18A0082AD12 /* Sources */ = {
			isa = PBXSourcesBuildPhase;
			buildActionMask = 2147483647;
			files = (
				1A31E58A2B1ED18A0082AD12 /* ember_mateApp.swift in Sources */,
				1A5DCBF22D488278002A1504 /* PresetEntry.swift in Sources */,
				1A31E59D2B1ED1E60082AD12 /* EmberMug.swift in Sources */,
				1AE494212B1FE69D0097A4F1 /* MugControlView.swift in Sources */,
				1AB9B4322EC7DEFE003183B3 /* BatteryIndicator.swift in Sources */,
				1A30CCB42EBFE19F00F51310 /* AboutView.swift in Sources */,
				9ACBA62B2E215F9D00D699B7 /* BatteryView.swift in Sources */,
				1A86E97C2B32A85A00ED0696 /* IconButton.swift in Sources */,
				1A42A7472B269DC400233E50 /* AppState.swift in Sources */,
				1AF9BE722B2E2D35002C930D /* NotificationAdapter.swift in Sources */,
				1A42A7402B267CC400233E50 /* SettingsView.swift in Sources */,
				1AD8485A2D46C4C000AD844D /* TemperatureInput.swift in Sources */,
				1A0489DC2B2022B000426D46 /* ContextMenu.swift in Sources */,
				1A31E59B2B1ED1D40082AD12 /* BluetoothManager.swift in Sources */,
				1A42A7452B269A3900233E50 /* TimerView.swift in Sources */,
				1A31E5992B1ED1B00082AD12 /* AppView.swift in Sources */,
				1A42A7432B2697CF00233E50 /* TemperaturePresetButton.swift in Sources */,
				1AD754482B1ED69E00E54851 /* ConnectMugView.swift in Sources */,
				1AA35E2C2B22CC0E00B144C0 /* Utils.swift in Sources */,
			);
			runOnlyForDeploymentPostprocessing = 0;
		};
/* End PBXSourcesBuildPhase section */

/* Begin XCBuildConfiguration section */
		1A31E5932B1ED18B0082AD12 /* Debug */ = {
			isa = XCBuildConfiguration;
			buildSettings = {
				ALWAYS_SEARCH_USER_PATHS = NO;
				CLANG_ANALYZER_NONNULL = YES;
				CLANG_ANALYZER_NUMBER_OBJECT_CONVERSION = YES_AGGRESSIVE;
				CLANG_CXX_LANGUAGE_STANDARD = "gnu++20";
				CLANG_ENABLE_MODULES = YES;
				CLANG_ENABLE_OBJC_ARC = YES;
				CLANG_ENABLE_OBJC_WEAK = YES;
				CLANG_WARN_BLOCK_CAPTURE_AUTORELEASING = YES;
				CLANG_WARN_BOOL_CONVERSION = YES;
				CLANG_WARN_COMMA = YES;
				CLANG_WARN_CONSTANT_CONVERSION = YES;
				CLANG_WARN_DEPRECATED_OBJC_IMPLEMENTATIONS = YES;
				CLANG_WARN_DIRECT_OBJC_ISA_USAGE = YES_ERROR;
				CLANG_WARN_DOCUMENTATION_COMMENTS = YES;
				CLANG_WARN_EMPTY_BODY = YES;
				CLANG_WARN_ENUM_CONVERSION = YES;
				CLANG_WARN_INFINITE_RECURSION = YES;
				CLANG_WARN_INT_CONVERSION = YES;
				CLANG_WARN_NON_LITERAL_NULL_CONVERSION = YES;
				CLANG_WARN_OBJC_IMPLICIT_RETAIN_SELF = YES;
				CLANG_WARN_OBJC_LITERAL_CONVERSION = YES;
				CLANG_WARN_OBJC_ROOT_CLASS = YES_ERROR;
				CLANG_WARN_QUOTED_INCLUDE_IN_FRAMEWORK_HEADER = YES;
				CLANG_WARN_RANGE_LOOP_ANALYSIS = YES;
				CLANG_WARN_STRICT_PROTOTYPES = YES;
				CLANG_WARN_SUSPICIOUS_MOVE = YES;
				CLANG_WARN_UNGUARDED_AVAILABILITY = YES_AGGRESSIVE;
				CLANG_WARN_UNREACHABLE_CODE = YES;
				CLANG_WARN__DUPLICATE_METHOD_MATCH = YES;
				COPY_PHASE_STRIP = NO;
				DEBUG_INFORMATION_FORMAT = dwarf;
				ENABLE_STRICT_OBJC_MSGSEND = YES;
				ENABLE_TESTABILITY = YES;
				GCC_C_LANGUAGE_STANDARD = gnu11;
				GCC_DYNAMIC_NO_PIC = NO;
				GCC_NO_COMMON_BLOCKS = YES;
				GCC_OPTIMIZATION_LEVEL = 0;
				GCC_PREPROCESSOR_DEFINITIONS = (
					"DEBUG=1",
					"$(inherited)",
				);
				GCC_WARN_64_TO_32_BIT_CONVERSION = YES;
				GCC_WARN_ABOUT_RETURN_TYPE = YES_ERROR;
				GCC_WARN_UNDECLARED_SELECTOR = YES;
				GCC_WARN_UNINITIALIZED_AUTOS = YES_AGGRESSIVE;
				GCC_WARN_UNUSED_FUNCTION = YES;
				GCC_WARN_UNUSED_VARIABLE = YES;
				MACOSX_DEPLOYMENT_TARGET = 13.0;
				MTL_ENABLE_DEBUG_INFO = INCLUDE_SOURCE;
				MTL_FAST_MATH = YES;
				ONLY_ACTIVE_ARCH = YES;
				SDKROOT = macosx;
				SWIFT_ACTIVE_COMPILATION_CONDITIONS = DEBUG;
				SWIFT_OPTIMIZATION_LEVEL = "-Onone";
			};
			name = Debug;
		};
		1A31E5942B1ED18B0082AD12 /* Release */ = {
			isa = XCBuildConfiguration;
			buildSettings = {
				ALWAYS_SEARCH_USER_PATHS = NO;
				CLANG_ANALYZER_NONNULL = YES;
				CLANG_ANALYZER_NUMBER_OBJECT_CONVERSION = YES_AGGRESSIVE;
				CLANG_CXX_LANGUAGE_STANDARD = "gnu++20";
				CLANG_ENABLE_MODULES = YES;
				CLANG_ENABLE_OBJC_ARC = YES;
				CLANG_ENABLE_OBJC_WEAK = YES;
				CLANG_WARN_BLOCK_CAPTURE_AUTORELEASING = YES;
				CLANG_WARN_BOOL_CONVERSION = YES;
				CLANG_WARN_COMMA = YES;
				CLANG_WARN_CONSTANT_CONVERSION = YES;
				CLANG_WARN_DEPRECATED_OBJC_IMPLEMENTATIONS = YES;
				CLANG_WARN_DIRECT_OBJC_ISA_USAGE = YES_ERROR;
				CLANG_WARN_DOCUMENTATION_COMMENTS = YES;
				CLANG_WARN_EMPTY_BODY = YES;
				CLANG_WARN_ENUM_CONVERSION = YES;
				CLANG_WARN_INFINITE_RECURSION = YES;
				CLANG_WARN_INT_CONVERSION = YES;
				CLANG_WARN_NON_LITERAL_NULL_CONVERSION = YES;
				CLANG_WARN_OBJC_IMPLICIT_RETAIN_SELF = YES;
				CLANG_WARN_OBJC_LITERAL_CONVERSION = YES;
				CLANG_WARN_OBJC_ROOT_CLASS = YES_ERROR;
				CLANG_WARN_QUOTED_INCLUDE_IN_FRAMEWORK_HEADER = YES;
				CLANG_WARN_RANGE_LOOP_ANALYSIS = YES;
				CLANG_WARN_STRICT_PROTOTYPES = YES;
				CLANG_WARN_SUSPICIOUS_MOVE = YES;
				CLANG_WARN_UNGUARDED_AVAILABILITY = YES_AGGRESSIVE;
				CLANG_WARN_UNREACHABLE_CODE = YES;
				CLANG_WARN__DUPLICATE_METHOD_MATCH = YES;
				COPY_PHASE_STRIP = NO;
				DEBUG_INFORMATION_FORMAT = "dwarf-with-dsym";
				ENABLE_NS_ASSERTIONS = NO;
				ENABLE_STRICT_OBJC_MSGSEND = YES;
				GCC_C_LANGUAGE_STANDARD = gnu11;
				GCC_NO_COMMON_BLOCKS = YES;
				GCC_WARN_64_TO_32_BIT_CONVERSION = YES;
				GCC_WARN_ABOUT_RETURN_TYPE = YES_ERROR;
				GCC_WARN_UNDECLARED_SELECTOR = YES;
				GCC_WARN_UNINITIALIZED_AUTOS = YES_AGGRESSIVE;
				GCC_WARN_UNUSED_FUNCTION = YES;
				GCC_WARN_UNUSED_VARIABLE = YES;
				MACOSX_DEPLOYMENT_TARGET = 13.0;
				MTL_ENABLE_DEBUG_INFO = NO;
				MTL_FAST_MATH = YES;
				SDKROOT = macosx;
				SWIFT_COMPILATION_MODE = wholemodule;
				SWIFT_OPTIMIZATION_LEVEL = "-O";
			};
			name = Release;
		};
		1A31E5962B1ED18B0082AD12 /* Debug */ = {
			isa = XCBuildConfiguration;
			buildSettings = {
				ARCHS = (
					arm64,
					x86_64,
				);
				ASSETCATALOG_COMPILER_APPICON_NAME = AppIcon;
				ASSETCATALOG_COMPILER_GLOBAL_ACCENT_COLOR_NAME = AccentColor;
				ASSETCATALOG_COMPILER_INCLUDE_ALL_APPICON_ASSETS = YES;
				CODE_SIGN_ENTITLEMENTS = EmberMate/EmberMate.entitlements;
				"CODE_SIGN_IDENTITY[sdk=macosx*]" = "-";
				CODE_SIGN_STYLE = Automatic;
				COMBINE_HIDPI_IMAGES = YES;
				CURRENT_PROJECT_VERSION = 1.7.3;
				DEVELOPMENT_ASSET_PATHS = "\"EmberMate/Preview Content\"";
				DEVELOPMENT_TEAM = 2UUHVMK45C;
				ENABLE_HARDENED_RUNTIME = YES;
				ENABLE_PREVIEWS = YES;
				GENERATE_INFOPLIST_FILE = YES;
				INFOPLIST_FILE = EmberMate/Info.plist;
				INFOPLIST_KEY_CFBundleDisplayName = EmberMate;
				INFOPLIST_KEY_LSApplicationCategoryType = "public.app-category.food-and-drink";
				INFOPLIST_KEY_NSBluetoothAlwaysUsageDescription = "Bluetooth used to communicate with ember mug";
				INFOPLIST_KEY_NSBluetoothPeripheralUsageDescription = "Peripheral usage detection used to communicate with ember mug";
				INFOPLIST_KEY_NSHumanReadableCopyright = "";
				LD_RUNPATH_SEARCH_PATHS = (
					"$(inherited)",
					"@executable_path/../Frameworks",
				);
				MACOSX_DEPLOYMENT_TARGET = 13.0;
				MARKETING_VERSION = 1.7.2;
				PRODUCT_BUNDLE_IDENTIFIER = "com.matthewnitschke.ember-mate";
				PRODUCT_NAME = "$(TARGET_NAME)";
				SWIFT_EMIT_LOC_STRINGS = YES;
				SWIFT_VERSION = 5.0;
			};
			name = Debug;
		};
		1A31E5972B1ED18B0082AD12 /* Release */ = {
			isa = XCBuildConfiguration;
			buildSettings = {
				ARCHS = (
					arm64,
					x86_64,
				);
				ASSETCATALOG_COMPILER_APPICON_NAME = AppIcon;
				ASSETCATALOG_COMPILER_GLOBAL_ACCENT_COLOR_NAME = AccentColor;
				ASSETCATALOG_COMPILER_INCLUDE_ALL_APPICON_ASSETS = YES;
				CODE_SIGN_ENTITLEMENTS = EmberMate/EmberMate.entitlements;
				"CODE_SIGN_IDENTITY[sdk=macosx*]" = "-";
				CODE_SIGN_STYLE = Automatic;
				COMBINE_HIDPI_IMAGES = YES;
				CURRENT_PROJECT_VERSION = 1.7.3;
				DEVELOPMENT_ASSET_PATHS = "\"EmberMate/Preview Content\"";
				DEVELOPMENT_TEAM = 2UUHVMK45C;
				ENABLE_HARDENED_RUNTIME = YES;
				ENABLE_PREVIEWS = YES;
				GENERATE_INFOPLIST_FILE = YES;
				INFOPLIST_FILE = EmberMate/Info.plist;
				INFOPLIST_KEY_CFBundleDisplayName = EmberMate;
				INFOPLIST_KEY_LSApplicationCategoryType = "public.app-category.food-and-drink";
				INFOPLIST_KEY_NSBluetoothAlwaysUsageDescription = "Bluetooth used to communicate with ember mug";
				INFOPLIST_KEY_NSBluetoothPeripheralUsageDescription = "Peripheral usage detection used to communicate with ember mug";
				INFOPLIST_KEY_NSHumanReadableCopyright = "";
				LD_RUNPATH_SEARCH_PATHS = (
					"$(inherited)",
					"@executable_path/../Frameworks",
				);
				MACOSX_DEPLOYMENT_TARGET = 13.0;
				MARKETING_VERSION = 1.7.2;
				PRODUCT_BUNDLE_IDENTIFIER = "com.matthewnitschke.ember-mate";
				PRODUCT_NAME = "$(TARGET_NAME)";
				SWIFT_EMIT_LOC_STRINGS = YES;
				SWIFT_VERSION = 5.0;
			};
			name = Release;
		};
/* End XCBuildConfiguration section */

/* Begin XCConfigurationList section */
		1A31E5812B1ED18A0082AD12 /* Build configuration list for PBXProject "EmberMate" */ = {
			isa = XCConfigurationList;
			buildConfigurations = (
				1A31E5932B1ED18B0082AD12 /* Debug */,
				1A31E5942B1ED18B0082AD12 /* Release */,
			);
			defaultConfigurationIsVisible = 0;
			defaultConfigurationName = Release;
		};
		1A31E5952B1ED18B0082AD12 /* Build configuration list for PBXNativeTarget "EmberMate" */ = {
			isa = XCConfigurationList;
			buildConfigurations = (
				1A31E5962B1ED18B0082AD12 /* Debug */,
				1A31E5972B1ED18B0082AD12 /* Release */,
			);
			defaultConfigurationIsVisible = 0;
			defaultConfigurationName = Release;
		};
/* End XCConfigurationList section */

/* Begin XCRemoteSwiftPackageReference section */
		1A0489D82B1FEF1100426D46 /* XCRemoteSwiftPackageReference "MenuBarExtraAccess" */ = {
			isa = XCRemoteSwiftPackageReference;
			repositoryURL = "https://github.com/orchetect/MenuBarExtraAccess";
			requirement = {
				kind = upToNextMajorVersion;
				minimumVersion = 1.0.0;
			};
		};
		1AF9BE742B2E3BCE002C930D /* XCRemoteSwiftPackageReference "LaunchAtLogin-Modern" */ = {
			isa = XCRemoteSwiftPackageReference;
			repositoryURL = "https://github.com/sindresorhus/LaunchAtLogin-Modern";
			requirement = {
				branch = main;
				kind = branch;
			};
		};
/* End XCRemoteSwiftPackageReference section */

/* Begin XCSwiftPackageProductDependency section */
		1A0489D92B1FEF1100426D46 /* MenuBarExtraAccess */ = {
			isa = XCSwiftPackageProductDependency;
			package = 1A0489D82B1FEF1100426D46 /* XCRemoteSwiftPackageReference "MenuBarExtraAccess" */;
			productName = MenuBarExtraAccess;
		};
		1AF9BE752B2E3BCE002C930D /* LaunchAtLogin */ = {
			isa = XCSwiftPackageProductDependency;
			package = 1AF9BE742B2E3BCE002C930D /* XCRemoteSwiftPackageReference "LaunchAtLogin-Modern" */;
			productName = LaunchAtLogin;
		};
/* End XCSwiftPackageProductDependency section */
	};
	rootObject = 1A31E57E2B1ED18A0082AD12 /* Project object */;
}
